// !$*UTF8*$!
{
	archiveVersion = 1;
	classes = {
	};
	objectVersion = 56;
	objects = {

/* Begin PBXBuildFile section */
		F8EC1B592B704A1A00C1C42D /* InstagramCloneApp.swift in Sources */ = {isa = PBXBuildFile; fileRef = F8EC1B582B704A1A00C1C42D /* InstagramCloneApp.swift */; };
		F8EC1B5B2B704A1A00C1C42D /* ContentView.swift in Sources */ = {isa = PBXBuildFile; fileRef = F8EC1B5A2B704A1A00C1C42D /* ContentView.swift */; };
		F8EC1B5D2B704A1B00C1C42D /* Assets.xcassets in Resources */ = {isa = PBXBuildFile; fileRef = F8EC1B5C2B704A1B00C1C42D /* Assets.xcassets */; };
		F8EC1B602B704A1B00C1C42D /* Preview Assets.xcassets in Resources */ = {isa = PBXBuildFile; fileRef = F8EC1B5F2B704A1B00C1C42D /* Preview Assets.xcassets */; };
		F8EC1B732B70515E00C1C42D /* MainTabView.swift in Sources */ = {isa = PBXBuildFile; fileRef = F8EC1B722B70515E00C1C42D /* MainTabView.swift */; };
		F8EC1B752B70527600C1C42D /* ProfileView.swift in Sources */ = {isa = PBXBuildFile; fileRef = F8EC1B742B70527600C1C42D /* ProfileView.swift */; };
		F8EC1B782B7056BA00C1C42D /* UserStatView.swift in Sources */ = {isa = PBXBuildFile; fileRef = F8EC1B772B7056BA00C1C42D /* UserStatView.swift */; };
		F8EC1B7A2B7061B500C1C42D /* FeedView.swift in Sources */ = {isa = PBXBuildFile; fileRef = F8EC1B792B7061B500C1C42D /* FeedView.swift */; };
		F8EC1B7C2B7061BD00C1C42D /* FeedCell.swift in Sources */ = {isa = PBXBuildFile; fileRef = F8EC1B7B2B7061BD00C1C42D /* FeedCell.swift */; };
		F8EC1B7E2B7067C500C1C42D /* SearchView.swift in Sources */ = {isa = PBXBuildFile; fileRef = F8EC1B7D2B7067C500C1C42D /* SearchView.swift */; };
		F8EC1B802B7069ED00C1C42D /* LoginView.swift in Sources */ = {isa = PBXBuildFile; fileRef = F8EC1B7F2B7069ED00C1C42D /* LoginView.swift */; };
		F8EC1B822B7076F100C1C42D /* AddEmailView.swift in Sources */ = {isa = PBXBuildFile; fileRef = F8EC1B812B7076F100C1C42D /* AddEmailView.swift */; };
		F8EC1B842B70790600C1C42D /* IGTextFieldModifier.swift in Sources */ = {isa = PBXBuildFile; fileRef = F8EC1B832B70790600C1C42D /* IGTextFieldModifier.swift */; };
		F8EC1B882B7079DD00C1C42D /* CreateUsernameView.swift in Sources */ = {isa = PBXBuildFile; fileRef = F8EC1B872B7079DD00C1C42D /* CreateUsernameView.swift */; };
		F8EC1B8A2B707B1700C1C42D /* CreatePasswordView.swift in Sources */ = {isa = PBXBuildFile; fileRef = F8EC1B892B707B1700C1C42D /* CreatePasswordView.swift */; };
		F8EC1B8C2B707BBF00C1C42D /* CompleteSignUpView.swift in Sources */ = {isa = PBXBuildFile; fileRef = F8EC1B8B2B707BBF00C1C42D /* CompleteSignUpView.swift */; };
		F8EC1B8E2B707D5C00C1C42D /* User.swift in Sources */ = {isa = PBXBuildFile; fileRef = F8EC1B8D2B707D5C00C1C42D /* User.swift */; };
		F8EC1B902B7083F300C1C42D /* CurrentUserProfileView.swift in Sources */ = {isa = PBXBuildFile; fileRef = F8EC1B8F2B7083F300C1C42D /* CurrentUserProfileView.swift */; };
/* End PBXBuildFile section */

/* Begin PBXFileReference section */
		F8EC1B552B704A1A00C1C42D /* InstagramClone.app */ = {isa = PBXFileReference; explicitFileType = wrapper.application; includeInIndex = 0; path = InstagramClone.app; sourceTree = BUILT_PRODUCTS_DIR; };
		F8EC1B582B704A1A00C1C42D /* InstagramCloneApp.swift */ = {isa = PBXFileReference; lastKnownFileType = sourcecode.swift; path = InstagramCloneApp.swift; sourceTree = "<group>"; };
		F8EC1B5A2B704A1A00C1C42D /* ContentView.swift */ = {isa = PBXFileReference; lastKnownFileType = sourcecode.swift; path = ContentView.swift; sourceTree = "<group>"; };
		F8EC1B5C2B704A1B00C1C42D /* Assets.xcassets */ = {isa = PBXFileReference; lastKnownFileType = folder.assetcatalog; path = Assets.xcassets; sourceTree = "<group>"; };
		F8EC1B5F2B704A1B00C1C42D /* Preview Assets.xcassets */ = {isa = PBXFileReference; lastKnownFileType = folder.assetcatalog; path = "Preview Assets.xcassets"; sourceTree = "<group>"; };
		F8EC1B722B70515E00C1C42D /* MainTabView.swift */ = {isa = PBXFileReference; lastKnownFileType = sourcecode.swift; path = MainTabView.swift; sourceTree = "<group>"; };
		F8EC1B742B70527600C1C42D /* ProfileView.swift */ = {isa = PBXFileReference; lastKnownFileType = sourcecode.swift; path = ProfileView.swift; sourceTree = "<group>"; };
		F8EC1B772B7056BA00C1C42D /* UserStatView.swift */ = {isa = PBXFileReference; lastKnownFileType = sourcecode.swift; path = UserStatView.swift; sourceTree = "<group>"; };
		F8EC1B792B7061B500C1C42D /* FeedView.swift */ = {isa = PBXFileReference; lastKnownFileType = sourcecode.swift; path = FeedView.swift; sourceTree = "<group>"; };
		F8EC1B7B2B7061BD00C1C42D /* FeedCell.swift */ = {isa = PBXFileReference; lastKnownFileType = sourcecode.swift; path = FeedCell.swift; sourceTree = "<group>"; };
		F8EC1B7D2B7067C500C1C42D /* SearchView.swift */ = {isa = PBXFileReference; lastKnownFileType = sourcecode.swift; path = SearchView.swift; sourceTree = "<group>"; };
		F8EC1B7F2B7069ED00C1C42D /* LoginView.swift */ = {isa = PBXFileReference; lastKnownFileType = sourcecode.swift; path = LoginView.swift; sourceTree = "<group>"; };
		F8EC1B812B7076F100C1C42D /* AddEmailView.swift */ = {isa = PBXFileReference; lastKnownFileType = sourcecode.swift; path = AddEmailView.swift; sourceTree = "<group>"; };
		F8EC1B832B70790600C1C42D /* IGTextFieldModifier.swift */ = {isa = PBXFileReference; lastKnownFileType = sourcecode.swift; path = IGTextFieldModifier.swift; sourceTree = "<group>"; };
		F8EC1B872B7079DD00C1C42D /* CreateUsernameView.swift */ = {isa = PBXFileReference; lastKnownFileType = sourcecode.swift; path = CreateUsernameView.swift; sourceTree = "<group>"; };
		F8EC1B892B707B1700C1C42D /* CreatePasswordView.swift */ = {isa = PBXFileReference; lastKnownFileType = sourcecode.swift; path = CreatePasswordView.swift; sourceTree = "<group>"; };
		F8EC1B8B2B707BBF00C1C42D /* CompleteSignUpView.swift */ = {isa = PBXFileReference; lastKnownFileType = sourcecode.swift; path = CompleteSignUpView.swift; sourceTree = "<group>"; };
		F8EC1B8D2B707D5C00C1C42D /* User.swift */ = {isa = PBXFileReference; lastKnownFileType = sourcecode.swift; path = User.swift; sourceTree = "<group>"; };
		F8EC1B8F2B7083F300C1C42D /* CurrentUserProfileView.swift */ = {isa = PBXFileReference; lastKnownFileType = sourcecode.swift; path = CurrentUserProfileView.swift; sourceTree = "<group>"; };
/* End PBXFileReference section */

/* Begin PBXFrameworksBuildPhase section */
		F8EC1B522B704A1A00C1C42D /* Frameworks */ = {
			isa = PBXFrameworksBuildPhase;
			buildActionMask = 2147483647;
			files = (
			);
			runOnlyForDeploymentPostprocessing = 0;
		};
/* End PBXFrameworksBuildPhase section */

/* Begin PBXGroup section */
		F8EC1B4C2B704A1A00C1C42D = {
			isa = PBXGroup;
			children = (
				F8EC1B572B704A1A00C1C42D /* InstagramClone */,
				F8EC1B562B704A1A00C1C42D /* Products */,
			);
			sourceTree = "<group>";
		};
		F8EC1B562B704A1A00C1C42D /* Products */ = {
			isa = PBXGroup;
			children = (
				F8EC1B552B704A1A00C1C42D /* InstagramClone.app */,
			);
			name = Products;
			sourceTree = "<group>";
		};
		F8EC1B572B704A1A00C1C42D /* InstagramClone */ = {
			isa = PBXGroup;
			children = (
				F8EC1B6A2B70508300C1C42D /* App */,
				F8EC1B692B70508100C1C42D /* Core */,
				F8EC1B682B70507E00C1C42D /* Extensions */,
				F8EC1B672B70507C00C1C42D /* Model */,
				F8EC1B662B70507400C1C42D /* Services */,
				F8EC1B5A2B704A1A00C1C42D /* ContentView.swift */,
				F8EC1B5C2B704A1B00C1C42D /* Assets.xcassets */,
				F8EC1B5E2B704A1B00C1C42D /* Preview Content */,
			);
			path = InstagramClone;
			sourceTree = "<group>";
		};
		F8EC1B5E2B704A1B00C1C42D /* Preview Content */ = {
			isa = PBXGroup;
			children = (
				F8EC1B5F2B704A1B00C1C42D /* Preview Assets.xcassets */,
			);
			path = "Preview Content";
			sourceTree = "<group>";
		};
		F8EC1B662B70507400C1C42D /* Services */ = {
			isa = PBXGroup;
			children = (
			);
			path = Services;
			sourceTree = "<group>";
		};
		F8EC1B672B70507C00C1C42D /* Model */ = {
			isa = PBXGroup;
			children = (
				F8EC1B8D2B707D5C00C1C42D /* User.swift */,
			);
			path = Model;
			sourceTree = "<group>";
		};
		F8EC1B682B70507E00C1C42D /* Extensions */ = {
			isa = PBXGroup;
			children = (
			);
			path = Extensions;
			sourceTree = "<group>";
		};
		F8EC1B692B70508100C1C42D /* Core */ = {
			isa = PBXGroup;
			children = (
				F8EC1B6B2B7050BB00C1C42D /* Authentication */,
				F8EC1B762B7056A500C1C42D /* Components */,
				F8EC1B6C2B7050CB00C1C42D /* Feed */,
				F8EC1B6D2B7050D300C1C42D /* Profile */,
				F8EC1B6E2B7050D900C1C42D /* Root */,
				F8EC1B6F2B7050DE00C1C42D /* Search */,
				F8EC1B702B70510100C1C42D /* UploadPost */,
				F8EC1B712B70510400C1C42D /* TabBar */,
			);
			path = Core;
			sourceTree = "<group>";
		};
		F8EC1B6A2B70508300C1C42D /* App */ = {
			isa = PBXGroup;
			children = (
				F8EC1B582B704A1A00C1C42D /* InstagramCloneApp.swift */,
			);
			path = App;
			sourceTree = "<group>";
		};
		F8EC1B6B2B7050BB00C1C42D /* Authentication */ = {
			isa = PBXGroup;
			children = (
				F8EC1B7F2B7069ED00C1C42D /* LoginView.swift */,
				F8EC1B812B7076F100C1C42D /* AddEmailView.swift */,
				F8EC1B872B7079DD00C1C42D /* CreateUsernameView.swift */,
				F8EC1B892B707B1700C1C42D /* CreatePasswordView.swift */,
				F8EC1B8B2B707BBF00C1C42D /* CompleteSignUpView.swift */,
			);
			path = Authentication;
			sourceTree = "<group>";
		};
		F8EC1B6C2B7050CB00C1C42D /* Feed */ = {
			isa = PBXGroup;
			children = (
				F8EC1B792B7061B500C1C42D /* FeedView.swift */,
				F8EC1B7B2B7061BD00C1C42D /* FeedCell.swift */,
			);
			path = Feed;
			sourceTree = "<group>";
		};
		F8EC1B6D2B7050D300C1C42D /* Profile */ = {
			isa = PBXGroup;
			children = (
				F8EC1B742B70527600C1C42D /* ProfileView.swift */,
				F8EC1B8F2B7083F300C1C42D /* CurrentUserProfileView.swift */,
			);
			path = Profile;
			sourceTree = "<group>";
		};
		F8EC1B6E2B7050D900C1C42D /* Root */ = {
			isa = PBXGroup;
			children = (
			);
			path = Root;
			sourceTree = "<group>";
		};
		F8EC1B6F2B7050DE00C1C42D /* Search */ = {
			isa = PBXGroup;
			children = (
				F8EC1B7D2B7067C500C1C42D /* SearchView.swift */,
			);
			path = Search;
			sourceTree = "<group>";
		};
		F8EC1B702B70510100C1C42D /* UploadPost */ = {
			isa = PBXGroup;
			children = (
			);
			path = UploadPost;
			sourceTree = "<group>";
		};
		F8EC1B712B70510400C1C42D /* TabBar */ = {
			isa = PBXGroup;
			children = (
				F8EC1B722B70515E00C1C42D /* MainTabView.swift */,
			);
			path = TabBar;
			sourceTree = "<group>";
		};
		F8EC1B762B7056A500C1C42D /* Components */ = {
			isa = PBXGroup;
			children = (
				F8EC1B772B7056BA00C1C42D /* UserStatView.swift */,
				F8EC1B832B70790600C1C42D /* IGTextFieldModifier.swift */,
			);
			path = Components;
			sourceTree = "<group>";
		};
/* End PBXGroup section */

/* Begin PBXNativeTarget section */
		F8EC1B542B704A1A00C1C42D /* InstagramClone */ = {
			isa = PBXNativeTarget;
			buildConfigurationList = F8EC1B632B704A1B00C1C42D /* Build configuration list for PBXNativeTarget "InstagramClone" */;
			buildPhases = (
				F8EC1B512B704A1A00C1C42D /* Sources */,
				F8EC1B522B704A1A00C1C42D /* Frameworks */,
				F8EC1B532B704A1A00C1C42D /* Resources */,
			);
			buildRules = (
			);
			dependencies = (
			);
			name = InstagramClone;
			productName = InstagramClone;
			productReference = F8EC1B552B704A1A00C1C42D /* InstagramClone.app */;
			productType = "com.apple.product-type.application";
		};
/* End PBXNativeTarget section */

/* Begin PBXProject section */
		F8EC1B4D2B704A1A00C1C42D /* Project object */ = {
			isa = PBXProject;
			attributes = {
				BuildIndependentTargetsInParallel = 1;
				LastSwiftUpdateCheck = 1520;
				LastUpgradeCheck = 1520;
				TargetAttributes = {
					F8EC1B542B704A1A00C1C42D = {
						CreatedOnToolsVersion = 15.2;
					};
				};
			};
			buildConfigurationList = F8EC1B502B704A1A00C1C42D /* Build configuration list for PBXProject "InstagramClone" */;
			compatibilityVersion = "Xcode 14.0";
			developmentRegion = en;
			hasScannedForEncodings = 0;
			knownRegions = (
				en,
				Base,
			);
			mainGroup = F8EC1B4C2B704A1A00C1C42D;
			productRefGroup = F8EC1B562B704A1A00C1C42D /* Products */;
			projectDirPath = "";
			projectRoot = "";
			targets = (
				F8EC1B542B704A1A00C1C42D /* InstagramClone */,
			);
		};
/* End PBXProject section */

/* Begin PBXResourcesBuildPhase section */
		F8EC1B532B704A1A00C1C42D /* Resources */ = {
			isa = PBXResourcesBuildPhase;
			buildActionMask = 2147483647;
			files = (
				F8EC1B602B704A1B00C1C42D /* Preview Assets.xcassets in Resources */,
				F8EC1B5D2B704A1B00C1C42D /* Assets.xcassets in Resources */,
			);
			runOnlyForDeploymentPostprocessing = 0;
		};
/* End PBXResourcesBuildPhase section */

/* Begin PBXSourcesBuildPhase section */
		F8EC1B512B704A1A00C1C42D /* Sources */ = {
			isa = PBXSourcesBuildPhase;
			buildActionMask = 2147483647;
			files = (
				F8EC1B7C2B7061BD00C1C42D /* FeedCell.swift in Sources */,
				F8EC1B752B70527600C1C42D /* ProfileView.swift in Sources */,
				F8EC1B5B2B704A1A00C1C42D /* ContentView.swift in Sources */,
				F8EC1B802B7069ED00C1C42D /* LoginView.swift in Sources */,
				F8EC1B592B704A1A00C1C42D /* InstagramCloneApp.swift in Sources */,
				F8EC1B902B7083F300C1C42D /* CurrentUserProfileView.swift in Sources */,
				F8EC1B822B7076F100C1C42D /* AddEmailView.swift in Sources */,
				F8EC1B882B7079DD00C1C42D /* CreateUsernameView.swift in Sources */,
				F8EC1B8C2B707BBF00C1C42D /* CompleteSignUpView.swift in Sources */,
				F8EC1B8E2B707D5C00C1C42D /* User.swift in Sources */,
				F8EC1B7E2B7067C500C1C42D /* SearchView.swift in Sources */,
				F8EC1B842B70790600C1C42D /* IGTextFieldModifier.swift in Sources */,
				F8EC1B782B7056BA00C1C42D /* UserStatView.swift in Sources */,
				F8EC1B7A2B7061B500C1C42D /* FeedView.swift in Sources */,
				F8EC1B732B70515E00C1C42D /* MainTabView.swift in Sources */,
				F8EC1B8A2B707B1700C1C42D /* CreatePasswordView.swift in Sources */,
			);
			runOnlyForDeploymentPostprocessing = 0;
		};
/* End PBXSourcesBuildPhase section */

/* Begin XCBuildConfiguration section */
		F8EC1B612B704A1B00C1C42D /* Debug */ = {
			isa = XCBuildConfiguration;
			buildSettings = {
				ALWAYS_SEARCH_USER_PATHS = NO;
				ASSETCATALOG_COMPILER_GENERATE_SWIFT_ASSET_SYMBOL_EXTENSIONS = YES;
				CLANG_ANALYZER_NONNULL = YES;
				CLANG_ANALYZER_NUMBER_OBJECT_CONVERSION = YES_AGGRESSIVE;
				CLANG_CXX_LANGUAGE_STANDARD = "gnu++20";
				CLANG_ENABLE_MODULES = YES;
				CLANG_ENABLE_OBJC_ARC = YES;
				CLANG_ENABLE_OBJC_WEAK = YES;
				CLANG_WARN_BLOCK_CAPTURE_AUTORELEASING = YES;
				CLANG_WARN_BOOL_CONVERSION = YES;
				CLANG_WARN_COMMA = YES;
				CLANG_WARN_CONSTANT_CONVERSION = YES;
				CLANG_WARN_DEPRECATED_OBJC_IMPLEMENTATIONS = YES;
				CLANG_WARN_DIRECT_OBJC_ISA_USAGE = YES_ERROR;
				CLANG_WARN_DOCUMENTATION_COMMENTS = YES;
				CLANG_WARN_EMPTY_BODY = YES;
				CLANG_WARN_ENUM_CONVERSION = YES;
				CLANG_WARN_INFINITE_RECURSION = YES;
				CLANG_WARN_INT_CONVERSION = YES;
				CLANG_WARN_NON_LITERAL_NULL_CONVERSION = YES;
				CLANG_WARN_OBJC_IMPLICIT_RETAIN_SELF = YES;
				CLANG_WARN_OBJC_LITERAL_CONVERSION = YES;
				CLANG_WARN_OBJC_ROOT_CLASS = YES_ERROR;
				CLANG_WARN_QUOTED_INCLUDE_IN_FRAMEWORK_HEADER = YES;
				CLANG_WARN_RANGE_LOOP_ANALYSIS = YES;
				CLANG_WARN_STRICT_PROTOTYPES = YES;
				CLANG_WARN_SUSPICIOUS_MOVE = YES;
				CLANG_WARN_UNGUARDED_AVAILABILITY = YES_AGGRESSIVE;
				CLANG_WARN_UNREACHABLE_CODE = YES;
				CLANG_WARN__DUPLICATE_METHOD_MATCH = YES;
				COPY_PHASE_STRIP = NO;
				DEBUG_INFORMATION_FORMAT = dwarf;
				ENABLE_STRICT_OBJC_MSGSEND = YES;
				ENABLE_TESTABILITY = YES;
				ENABLE_USER_SCRIPT_SANDBOXING = YES;
				GCC_C_LANGUAGE_STANDARD = gnu17;
				GCC_DYNAMIC_NO_PIC = NO;
				GCC_NO_COMMON_BLOCKS = YES;
				GCC_OPTIMIZATION_LEVEL = 0;
				GCC_PREPROCESSOR_DEFINITIONS = (
					"DEBUG=1",
					"$(inherited)",
				);
				GCC_WARN_64_TO_32_BIT_CONVERSION = YES;
				GCC_WARN_ABOUT_RETURN_TYPE = YES_ERROR;
				GCC_WARN_UNDECLARED_SELECTOR = YES;
				GCC_WARN_UNINITIALIZED_AUTOS = YES_AGGRESSIVE;
				GCC_WARN_UNUSED_FUNCTION = YES;
				GCC_WARN_UNUSED_VARIABLE = YES;
				IPHONEOS_DEPLOYMENT_TARGET = 17.2;
				LOCALIZATION_PREFERS_STRING_CATALOGS = YES;
				MTL_ENABLE_DEBUG_INFO = INCLUDE_SOURCE;
				MTL_FAST_MATH = YES;
				ONLY_ACTIVE_ARCH = YES;
				SDKROOT = iphoneos;
				SWIFT_ACTIVE_COMPILATION_CONDITIONS = "DEBUG $(inherited)";
				SWIFT_OPTIMIZATION_LEVEL = "-Onone";
			};
			name = Debug;
		};
		F8EC1B622B704A1B00C1C42D /* Release */ = {
			isa = XCBuildConfiguration;
			buildSettings = {
				ALWAYS_SEARCH_USER_PATHS = NO;
				ASSETCATALOG_COMPILER_GENERATE_SWIFT_ASSET_SYMBOL_EXTENSIONS = YES;
				CLANG_ANALYZER_NONNULL = YES;
				CLANG_ANALYZER_NUMBER_OBJECT_CONVERSION = YES_AGGRESSIVE;
				CLANG_CXX_LANGUAGE_STANDARD = "gnu++20";
				CLANG_ENABLE_MODULES = YES;
				CLANG_ENABLE_OBJC_ARC = YES;
				CLANG_ENABLE_OBJC_WEAK = YES;
				CLANG_WARN_BLOCK_CAPTURE_AUTORELEASING = YES;
				CLANG_WARN_BOOL_CONVERSION = YES;
				CLANG_WARN_COMMA = YES;
				CLANG_WARN_CONSTANT_CONVERSION = YES;
				CLANG_WARN_DEPRECATED_OBJC_IMPLEMENTATIONS = YES;
				CLANG_WARN_DIRECT_OBJC_ISA_USAGE = YES_ERROR;
				CLANG_WARN_DOCUMENTATION_COMMENTS = YES;
				CLANG_WARN_EMPTY_BODY = YES;
				CLANG_WARN_ENUM_CONVERSION = YES;
				CLANG_WARN_INFINITE_RECURSION = YES;
				CLANG_WARN_INT_CONVERSION = YES;
				CLANG_WARN_NON_LITERAL_NULL_CONVERSION = YES;
				CLANG_WARN_OBJC_IMPLICIT_RETAIN_SELF = YES;
				CLANG_WARN_OBJC_LITERAL_CONVERSION = YES;
				CLANG_WARN_OBJC_ROOT_CLASS = YES_ERROR;
				CLANG_WARN_QUOTED_INCLUDE_IN_FRAMEWORK_HEADER = YES;
				CLANG_WARN_RANGE_LOOP_ANALYSIS = YES;
				CLANG_WARN_STRICT_PROTOTYPES = YES;
				CLANG_WARN_SUSPICIOUS_MOVE = YES;
				CLANG_WARN_UNGUARDED_AVAILABILITY = YES_AGGRESSIVE;
				CLANG_WARN_UNREACHABLE_CODE = YES;
				CLANG_WARN__DUPLICATE_METHOD_MATCH = YES;
				COPY_PHASE_STRIP = NO;
				DEBUG_INFORMATION_FORMAT = "dwarf-with-dsym";
				ENABLE_NS_ASSERTIONS = NO;
				ENABLE_STRICT_OBJC_MSGSEND = YES;
				ENABLE_USER_SCRIPT_SANDBOXING = YES;
				GCC_C_LANGUAGE_STANDARD = gnu17;
				GCC_NO_COMMON_BLOCKS = YES;
				GCC_WARN_64_TO_32_BIT_CONVERSION = YES;
				GCC_WARN_ABOUT_RETURN_TYPE = YES_ERROR;
				GCC_WARN_UNDECLARED_SELECTOR = YES;
				GCC_WARN_UNINITIALIZED_AUTOS = YES_AGGRESSIVE;
				GCC_WARN_UNUSED_FUNCTION = YES;
				GCC_WARN_UNUSED_VARIABLE = YES;
				IPHONEOS_DEPLOYMENT_TARGET = 17.2;
				LOCALIZATION_PREFERS_STRING_CATALOGS = YES;
				MTL_ENABLE_DEBUG_INFO = NO;
				MTL_FAST_MATH = YES;
				SDKROOT = iphoneos;
				SWIFT_COMPILATION_MODE = wholemodule;
				VALIDATE_PRODUCT = YES;
			};
			name = Release;
		};
		F8EC1B642B704A1B00C1C42D /* Debug */ = {
			isa = XCBuildConfiguration;
			buildSettings = {
				ASSETCATALOG_COMPILER_APPICON_NAME = AppIcon;
				ASSETCATALOG_COMPILER_GLOBAL_ACCENT_COLOR_NAME = AccentColor;
				CODE_SIGN_STYLE = Automatic;
				CURRENT_PROJECT_VERSION = 1;
				DEVELOPMENT_ASSET_PATHS = "\"InstagramClone/Preview Content\"";
				DEVELOPMENT_TEAM = 96KDP35MCD;
				ENABLE_PREVIEWS = YES;
				GENERATE_INFOPLIST_FILE = YES;
				INFOPLIST_KEY_UIApplicationSceneManifest_Generation = YES;
				INFOPLIST_KEY_UIApplicationSupportsIndirectInputEvents = YES;
				INFOPLIST_KEY_UILaunchScreen_Generation = YES;
				INFOPLIST_KEY_UISupportedInterfaceOrientations_iPad = "UIInterfaceOrientationPortrait UIInterfaceOrientationPortraitUpsideDown UIInterfaceOrientationLandscapeLeft UIInterfaceOrientationLandscapeRight";
				INFOPLIST_KEY_UISupportedInterfaceOrientations_iPhone = "UIInterfaceOrientationPortrait UIInterfaceOrientationLandscapeLeft UIInterfaceOrientationLandscapeRight";
				LD_RUNPATH_SEARCH_PATHS = (
					"$(inherited)",
					"@executable_path/Frameworks",
				);
				MARKETING_VERSION = 1.0;
				PRODUCT_BUNDLE_IDENTIFIER = com.yh.InstagramClone;
				PRODUCT_NAME = "$(TARGET_NAME)";
				SWIFT_EMIT_LOC_STRINGS = YES;
				SWIFT_VERSION = 5.0;
				TARGETED_DEVICE_FAMILY = "1,2";
			};
			name = Debug;
		};
		F8EC1B652B704A1B00C1C42D /* Release */ = {
			isa = XCBuildConfiguration;
			buildSettings = {
				ASSETCATALOG_COMPILER_APPICON_NAME = AppIcon;
				ASSETCATALOG_COMPILER_GLOBAL_ACCENT_COLOR_NAME = AccentColor;
				CODE_SIGN_STYLE = Automatic;
				CURRENT_PROJECT_VERSION = 1;
				DEVELOPMENT_ASSET_PATHS = "\"InstagramClone/Preview Content\"";
				DEVELOPMENT_TEAM = 96KDP35MCD;
				ENABLE_PREVIEWS = YES;
				GENERATE_INFOPLIST_FILE = YES;
				INFOPLIST_KEY_UIApplicationSceneManifest_Generation = YES;
				INFOPLIST_KEY_UIApplicationSupportsIndirectInputEvents = YES;
				INFOPLIST_KEY_UILaunchScreen_Generation = YES;
				INFOPLIST_KEY_UISupportedInterfaceOrientations_iPad = "UIInterfaceOrientationPortrait UIInterfaceOrientationPortraitUpsideDown UIInterfaceOrientationLandscapeLeft UIInterfaceOrientationLandscapeRight";
				INFOPLIST_KEY_UISupportedInterfaceOrientations_iPhone = "UIInterfaceOrientationPortrait UIInterfaceOrientationLandscapeLeft UIInterfaceOrientationLandscapeRight";
				LD_RUNPATH_SEARCH_PATHS = (
					"$(inherited)",
					"@executable_path/Frameworks",
				);
				MARKETING_VERSION = 1.0;
				PRODUCT_BUNDLE_IDENTIFIER = com.yh.InstagramClone;
				PRODUCT_NAME = "$(TARGET_NAME)";
				SWIFT_EMIT_LOC_STRINGS = YES;
				SWIFT_VERSION = 5.0;
				TARGETED_DEVICE_FAMILY = "1,2";
			};
			name = Release;
		};
/* End XCBuildConfiguration section */

/* Begin XCConfigurationList section */
		F8EC1B502B704A1A00C1C42D /* Build configuration list for PBXProject "InstagramClone" */ = {
			isa = XCConfigurationList;
			buildConfigurations = (
				F8EC1B612B704A1B00C1C42D /* Debug */,
				F8EC1B622B704A1B00C1C42D /* Release */,
			);
			defaultConfigurationIsVisible = 0;
			defaultConfigurationName = Release;
		};
		F8EC1B632B704A1B00C1C42D /* Build configuration list for PBXNativeTarget "InstagramClone" */ = {
			isa = XCConfigurationList;
			buildConfigurations = (
				F8EC1B642B704A1B00C1C42D /* Debug */,
				F8EC1B652B704A1B00C1C42D /* Release */,
			);
			defaultConfigurationIsVisible = 0;
			defaultConfigurationName = Release;
		};
/* End XCConfigurationList section */
	};
	rootObject = F8EC1B4D2B704A1A00C1C42D /* Project object */;
}
